
Microsoft Visual Studio Solution File, Format Version 12.00
# Visual Studio 2013
VisualStudioVersion = 12.0.30723.0
MinimumVisualStudioVersion = 10.0.40219.1
Project("{2150E333-8FDC-42A3-9474-1A3956D46DE8}") = "Week2", "Week2", "{BA2A9DB5-7E73-478B-BACE-30A58DE5BECA}"
EndProject
Project("{8BC9CEB8-8B4A-11D0-8D11-00A0C91BC942}") = "Week2_1", "Week2_1\Week2_1.vcxproj", "{0A0590B2-B6FC-4EB6-BC46-841B473AFB47}"
EndProject
Project("{8BC9CEB8-8B4A-11D0-8D11-00A0C91BC942}") = "Week2_2", "Week2_2\Week2_2.vcxproj", "{DA0E718E-8A42-4A99-BAC5-12F235CF1286}"
EndProject
Project("{8BC9CEB8-8B4A-11D0-8D11-00A0C91BC942}") = "Week2_3", "Week2_3\Week2_3.vcxproj", "{8AAC289D-1100-4AE4-A6A4-CAA583F67E60}"
EndProject
Project("{8BC9CEB8-8B4A-11D0-8D11-00A0C91BC942}") = "Week2_4", "Week2_4\Week2_4.vcxproj", "{B8367D2C-367E-4C67-9349-267251878E62}"
EndProject
Project("{8BC9CEB8-8B4A-11D0-8D11-00A0C91BC942}") = "Week2_5", "Week2_5\Week2_5.vcxproj", "{0C9B0794-762A-4B01-97B4-EA54BFB9D21F}"
EndProject
Project("{2150E333-8FDC-42A3-9474-1A3956D46DE8}") = "Week3", "Week3", "{3AE57620-0679-4571-8E0C-E3031A582406}"
EndProject
Project("{8BC9CEB8-8B4A-11D0-8D11-00A0C91BC942}") = "Week3_1", "Week3_1\Week3_1.vcxproj", "{388937A8-436F-457E-B319-9A1E566E829E}"
EndProject
Project("{2150E333-8FDC-42A3-9474-1A3956D46DE8}") = "Week5", "Week5", "{2E00915B-1BEE-4A53-8655-1BCA240D6771}"
EndProject
Project("{8BC9CEB8-8B4A-11D0-8D11-00A0C91BC942}") = "Week5_1", "Week5_1\Week5_1.vcxproj", "{43CE6983-BD8C-4B58-8A9D-58DA634F7B9A}"
EndProject
Project("{8BC9CEB8-8B4A-11D0-8D11-00A0C91BC942}") = "Week5_2", "Week5_2\Week5_2.vcxproj", "{A09940B8-0BDE-450C-A81F-E404A50B9D6C}"
EndProject
Project("{8BC9CEB8-8B4A-11D0-8D11-00A0C91BC942}") = "Week5_3", "Week5_3\Week5_3.vcxproj", "{D1A4012A-E2BD-409F-85A7-6C427BD3E714}"
EndProject
Project("{2150E333-8FDC-42A3-9474-1A3956D46DE8}") = "Week6", "Week6", "{AA9A47D4-A74B-4D6F-BAB8-ADBDB29A3B36}"
EndProject
Project("{8BC9CEB8-8B4A-11D0-8D11-00A0C91BC942}") = "Week6_1", "Week6_1\Week6_1.vcxproj", "{E4E1C3CA-F6AF-4445-BD79-BCE9D785E775}"
EndProject
Project("{8BC9CEB8-8B4A-11D0-8D11-00A0C91BC942}") = "Week6_2", "Week6_2\Week6_2.vcxproj", "{76F8EC9C-DE90-41D9-AD62-738541102BDE}"
EndProject
Project("{8BC9CEB8-8B4A-11D0-8D11-00A0C91BC942}") = "Week6_3", "Week6_3\Week6_3.vcxproj", "{C1DD3230-6CC2-46B9-BB58-AE882EDD3BA2}"
EndProject
Project("{2150E333-8FDC-42A3-9474-1A3956D46DE8}") = "Week9", "Week9", "{808ECFB3-B5B8-4304-8B7F-83FE9BB39D09}"
EndProject
Project("{8BC9CEB8-8B4A-11D0-8D11-00A0C91BC942}") = "Week9_1", "Week9_1\Week9_1.vcxproj", "{0361843A-7775-4A51-BAAA-4ACDC4B8C412}"
EndProject
Project("{8BC9CEB8-8B4A-11D0-8D11-00A0C91BC942}") = "Week9_2", "Week9_2\Week9_2.vcxproj", "{DDEE757E-C529-424C-9A8C-752A5038475C}"
EndProject
Project("{8BC9CEB8-8B4A-11D0-8D11-00A0C91BC942}") = "Week9_3", "Week9_3\Week9_3.vcxproj", "{2AF03644-0457-4B26-BEAB-A2465B269CB9}"
EndProject
Project("{8BC9CEB8-8B4A-11D0-8D11-00A0C91BC942}") = "Week9_4", "Week4\Week4.vcxproj", "{C2BF65A1-55A1-48EF-9D24-4E2D7D3E2AB4}"
EndProject
Project("{8BC9CEB8-8B4A-11D0-8D11-00A0C91BC942}") = "Week3_2", "Week3_2\Week3_2.vcxproj", "{251356C2-B9EF-402E-973D-7C393BBA5BB1}"
EndProject
Project("{8BC9CEB8-8B4A-11D0-8D11-00A0C91BC942}") = "Week3_3", "Week3_3\Week3_3.vcxproj", "{FB0A9125-B7DE-490B-8B7E-ABCE6086C127}"
EndProject
Project("{8BC9CEB8-8B4A-11D0-8D11-00A0C91BC942}") = "Week3_4", "Week3_4\Week3_4.vcxproj", "{502C5A5C-15C5-4088-975F-AB9447C98B68}"
EndProject
Global
	GlobalSection(SolutionConfigurationPlatforms) = preSolution
		Debug|Win32 = Debug|Win32
		Release|Win32 = Release|Win32
	EndGlobalSection
	GlobalSection(ProjectConfigurationPlatforms) = postSolution
		{0A0590B2-B6FC-4EB6-BC46-841B473AFB47}.Debug|Win32.ActiveCfg = Debug|Win32
		{0A0590B2-B6FC-4EB6-BC46-841B473AFB47}.Debug|Win32.Build.0 = Debug|Win32
		{0A0590B2-B6FC-4EB6-BC46-841B473AFB47}.Release|Win32.ActiveCfg = Release|Win32
		{0A0590B2-B6FC-4EB6-BC46-841B473AFB47}.Release|Win32.Build.0 = Release|Win32
		{DA0E718E-8A42-4A99-BAC5-12F235CF1286}.Debug|Win32.ActiveCfg = Debug|Win32
		{DA0E718E-8A42-4A99-BAC5-12F235CF1286}.Debug|Win32.Build.0 = Debug|Win32
		{DA0E718E-8A42-4A99-BAC5-12F235CF1286}.Release|Win32.ActiveCfg = Release|Win32
		{DA0E718E-8A42-4A99-BAC5-12F235CF1286}.Release|Win32.Build.0 = Release|Win32
		{8AAC289D-1100-4AE4-A6A4-CAA583F67E60}.Debug|Win32.ActiveCfg = Debug|Win32
		{8AAC289D-1100-4AE4-A6A4-CAA583F67E60}.Debug|Win32.Build.0 = Debug|Win32
		{8AAC289D-1100-4AE4-A6A4-CAA583F67E60}.Release|Win32.ActiveCfg = Release|Win32
		{8AAC289D-1100-4AE4-A6A4-CAA583F67E60}.Release|Win32.Build.0 = Release|Win32
		{B8367D2C-367E-4C67-9349-267251878E62}.Debug|Win32.ActiveCfg = Debug|Win32
		{B8367D2C-367E-4C67-9349-267251878E62}.Debug|Win32.Build.0 = Debug|Win32
		{B8367D2C-367E-4C67-9349-267251878E62}.Release|Win32.ActiveCfg = Release|Win32
		{B8367D2C-367E-4C67-9349-267251878E62}.Release|Win32.Build.0 = Release|Win32
		{0C9B0794-762A-4B01-97B4-EA54BFB9D21F}.Debug|Win32.ActiveCfg = Debug|Win32
		{0C9B0794-762A-4B01-97B4-EA54BFB9D21F}.Debug|Win32.Build.0 = Debug|Win32
		{0C9B0794-762A-4B01-97B4-EA54BFB9D21F}.Release|Win32.ActiveCfg = Release|Win32
		{0C9B0794-762A-4B01-97B4-EA54BFB9D21F}.Release|Win32.Build.0 = Release|Win32
		{388937A8-436F-457E-B319-9A1E566E829E}.Debug|Win32.ActiveCfg = Debug|Win32
		{388937A8-436F-457E-B319-9A1E566E829E}.Debug|Win32.Build.0 = Debug|Win32
		{388937A8-436F-457E-B319-9A1E566E829E}.Release|Win32.ActiveCfg = Release|Win32
		{388937A8-436F-457E-B319-9A1E566E829E}.Release|Win32.Build.0 = Release|Win32
		{43CE6983-BD8C-4B58-8A9D-58DA634F7B9A}.Debug|Win32.ActiveCfg = Debug|Win32
		{43CE6983-BD8C-4B58-8A9D-58DA634F7B9A}.Debug|Win32.Build.0 = Debug|Win32
		{43CE6983-BD8C-4B58-8A9D-58DA634F7B9A}.Release|Win32.ActiveCfg = Release|Win32
		{43CE6983-BD8C-4B58-8A9D-58DA634F7B9A}.Release|Win32.Build.0 = Release|Win32
		{A09940B8-0BDE-450C-A81F-E404A50B9D6C}.Debug|Win32.ActiveCfg = Debug|Win32
		{A09940B8-0BDE-450C-A81F-E404A50B9D6C}.Debug|Win32.Build.0 = Debug|Win32
		{A09940B8-0BDE-450C-A81F-E404A50B9D6C}.Release|Win32.ActiveCfg = Release|Win32
		{A09940B8-0BDE-450C-A81F-E404A50B9D6C}.Release|Win32.Build.0 = Release|Win32
		{D1A4012A-E2BD-409F-85A7-6C427BD3E714}.Debug|Win32.ActiveCfg = Debug|Win32
		{D1A4012A-E2BD-409F-85A7-6C427BD3E714}.Debug|Win32.Build.0 = Debug|Win32
		{D1A4012A-E2BD-409F-85A7-6C427BD3E714}.Release|Win32.ActiveCfg = Release|Win32
		{D1A4012A-E2BD-409F-85A7-6C427BD3E714}.Release|Win32.Build.0 = Release|Win32
		{E4E1C3CA-F6AF-4445-BD79-BCE9D785E775}.Debug|Win32.ActiveCfg = Debug|Win32
		{E4E1C3CA-F6AF-4445-BD79-BCE9D785E775}.Debug|Win32.Build.0 = Debug|Win32
		{E4E1C3CA-F6AF-4445-BD79-BCE9D785E775}.Release|Win32.ActiveCfg = Release|Win32
		{E4E1C3CA-F6AF-4445-BD79-BCE9D785E775}.Release|Win32.Build.0 = Release|Win32
		{76F8EC9C-DE90-41D9-AD62-738541102BDE}.Debug|Win32.ActiveCfg = Debug|Win32
		{76F8EC9C-DE90-41D9-AD62-738541102BDE}.Debug|Win32.Build.0 = Debug|Win32
		{76F8EC9C-DE90-41D9-AD62-738541102BDE}.Release|Win32.ActiveCfg = Release|Win32
		{76F8EC9C-DE90-41D9-AD62-738541102BDE}.Release|Win32.Build.0 = Release|Win32
		{C1DD3230-6CC2-46B9-BB58-AE882EDD3BA2}.Debug|Win32.ActiveCfg = Debug|Win32
		{C1DD3230-6CC2-46B9-BB58-AE882EDD3BA2}.Debug|Win32.Build.0 = Debug|Win32
		{C1DD3230-6CC2-46B9-BB58-AE882EDD3BA2}.Release|Win32.ActiveCfg = Release|Win32
		{C1DD3230-6CC2-46B9-BB58-AE882EDD3BA2}.Release|Win32.Build.0 = Release|Win32
		{0361843A-7775-4A51-BAAA-4ACDC4B8C412}.Debug|Win32.ActiveCfg = Debug|Win32
		{0361843A-7775-4A51-BAAA-4ACDC4B8C412}.Debug|Win32.Build.0 = Debug|Win32
		{0361843A-7775-4A51-BAAA-4ACDC4B8C412}.Release|Win32.ActiveCfg = Release|Win32
		{0361843A-7775-4A51-BAAA-4ACDC4B8C412}.Release|Win32.Build.0 = Release|Win32
		{DDEE757E-C529-424C-9A8C-752A5038475C}.Debug|Win32.ActiveCfg = Debug|Win32
		{DDEE757E-C529-424C-9A8C-752A5038475C}.Debug|Win32.Build.0 = Debug|Win32
		{DDEE757E-C529-424C-9A8C-752A5038475C}.Release|Win32.ActiveCfg = Release|Win32
		{DDEE757E-C529-424C-9A8C-752A5038475C}.Release|Win32.Build.0 = Release|Win32
		{2AF03644-0457-4B26-BEAB-A2465B269CB9}.Debug|Win32.ActiveCfg = Debug|Win32
		{2AF03644-0457-4B26-BEAB-A2465B269CB9}.Debug|Win32.Build.0 = Debug|Win32
		{2AF03644-0457-4B26-BEAB-A2465B269CB9}.Release|Win32.ActiveCfg = Release|Win32
		{2AF03644-0457-4B26-BEAB-A2465B269CB9}.Release|Win32.Build.0 = Release|Win32
		{C2BF65A1-55A1-48EF-9D24-4E2D7D3E2AB4}.Debug|Win32.ActiveCfg = Debug|Win32
		{C2BF65A1-55A1-48EF-9D24-4E2D7D3E2AB4}.Debug|Win32.Build.0 = Debug|Win32
		{C2BF65A1-55A1-48EF-9D24-4E2D7D3E2AB4}.Release|Win32.ActiveCfg = Release|Win32
		{C2BF65A1-55A1-48EF-9D24-4E2D7D3E2AB4}.Release|Win32.Build.0 = Release|Win32
		{251356C2-B9EF-402E-973D-7C393BBA5BB1}.Debug|Win32.ActiveCfg = Debug|Win32
		{251356C2-B9EF-402E-973D-7C393BBA5BB1}.Debug|Win32.Build.0 = Debug|Win32
		{251356C2-B9EF-402E-973D-7C393BBA5BB1}.Release|Win32.ActiveCfg = Release|Win32
		{251356C2-B9EF-402E-973D-7C393BBA5BB1}.Release|Win32.Build.0 = Release|Win32
		{FB0A9125-B7DE-490B-8B7E-ABCE6086C127}.Debug|Win32.ActiveCfg = Debug|Win32
		{FB0A9125-B7DE-490B-8B7E-ABCE6086C127}.Debug|Win32.Build.0 = Debug|Win32
		{FB0A9125-B7DE-490B-8B7E-ABCE6086C127}.Release|Win32.ActiveCfg = Release|Win32
		{FB0A9125-B7DE-490B-8B7E-ABCE6086C127}.Release|Win32.Build.0 = Release|Win32
		{502C5A5C-15C5-4088-975F-AB9447C98B68}.Debug|Win32.ActiveCfg = Debug|Win32
		{502C5A5C-15C5-4088-975F-AB9447C98B68}.Debug|Win32.Build.0 = Debug|Win32
		{502C5A5C-15C5-4088-975F-AB9447C98B68}.Release|Win32.ActiveCfg = Release|Win32
		{502C5A5C-15C5-4088-975F-AB9447C98B68}.Release|Win32.Build.0 = Release|Win32
	EndGlobalSection
	GlobalSection(SolutionProperties) = preSolution
		HideSolutionNode = FALSE
	EndGlobalSection
	GlobalSection(NestedProjects) = preSolution
		{0A0590B2-B6FC-4EB6-BC46-841B473AFB47} = {BA2A9DB5-7E73-478B-BACE-30A58DE5BECA}
		{DA0E718E-8A42-4A99-BAC5-12F235CF1286} = {BA2A9DB5-7E73-478B-BACE-30A58DE5BECA}
		{8AAC289D-1100-4AE4-A6A4-CAA583F67E60} = {BA2A9DB5-7E73-478B-BACE-30A58DE5BECA}
		{B8367D2C-367E-4C67-9349-267251878E62} = {BA2A9DB5-7E73-478B-BACE-30A58DE5BECA}
		{0C9B0794-762A-4B01-97B4-EA54BFB9D21F} = {BA2A9DB5-7E73-478B-BACE-30A58DE5BECA}
		{388937A8-436F-457E-B319-9A1E566E829E} = {3AE57620-0679-4571-8E0C-E3031A582406}
		{43CE6983-BD8C-4B58-8A9D-58DA634F7B9A} = {2E00915B-1BEE-4A53-8655-1BCA240D6771}
		{A09940B8-0BDE-450C-A81F-E404A50B9D6C} = {2E00915B-1BEE-4A53-8655-1BCA240D6771}
		{D1A4012A-E2BD-409F-85A7-6C427BD3E714} = {2E00915B-1BEE-4A53-8655-1BCA240D6771}
		{E4E1C3CA-F6AF-4445-BD79-BCE9D785E775} = {AA9A47D4-A74B-4D6F-BAB8-ADBDB29A3B36}
		{76F8EC9C-DE90-41D9-AD62-738541102BDE} = {AA9A47D4-A74B-4D6F-BAB8-ADBDB29A3B36}
		{C1DD3230-6CC2-46B9-BB58-AE882EDD3BA2} = {AA9A47D4-A74B-4D6F-BAB8-ADBDB29A3B36}
		{0361843A-7775-4A51-BAAA-4ACDC4B8C412} = {808ECFB3-B5B8-4304-8B7F-83FE9BB39D09}
		{DDEE757E-C529-424C-9A8C-752A5038475C} = {808ECFB3-B5B8-4304-8B7F-83FE9BB39D09}
		{2AF03644-0457-4B26-BEAB-A2465B269CB9} = {808ECFB3-B5B8-4304-8B7F-83FE9BB39D09}
		{C2BF65A1-55A1-48EF-9D24-4E2D7D3E2AB4} = {808ECFB3-B5B8-4304-8B7F-83FE9BB39D09}
		{251356C2-B9EF-402E-973D-7C393BBA5BB1} = {3AE57620-0679-4571-8E0C-E3031A582406}
		{FB0A9125-B7DE-490B-8B7E-ABCE6086C127} = {3AE57620-0679-4571-8E0C-E3031A582406}
		{502C5A5C-15C5-4088-975F-AB9447C98B68} = {3AE57620-0679-4571-8E0C-E3031A582406}
	EndGlobalSection
EndGlobal
