
Microsoft Visual Studio Solution File, Format Version 12.00
# Visual Studio 2013
VisualStudioVersion = 12.0.30723.0
MinimumVisualStudioVersion = 10.0.40219.1
Project("{2150E333-8FDC-42A3-9474-1A3956D46DE8}") = "Week2", "Week2", "{BA2A9DB5-7E73-478B-BACE-30A58DE5BECA}"
EndProject
Project("{8BC9CEB8-8B4A-11D0-8D11-00A0C91BC942}") = "Week2_1", "Week2_1\Week2_1.vcxproj", "{0A0590B2-B6FC-4EB6-BC46-841B473AFB47}"
EndProject
Project("{8BC9CEB8-8B4A-11D0-8D11-00A0C91BC942}") = "Week2_2", "Week2_2\Week2_2.vcxproj", "{DA0E718E-8A42-4A99-BAC5-12F235CF1286}"
EndProject
Project("{8BC9CEB8-8B4A-11D0-8D11-00A0C91BC942}") = "Week2_3", "Week2_3\Week2_3.vcxproj", "{8AAC289D-1100-4AE4-A6A4-CAA583F67E60}"
EndProject
Project("{8BC9CEB8-8B4A-11D0-8D11-00A0C91BC942}") = "Week2_4", "Week2_4\Week2_4.vcxproj", "{B8367D2C-367E-4C67-9349-267251878E62}"
EndProject
Project("{8BC9CEB8-8B4A-11D0-8D11-00A0C91BC942}") = "Week2_5", "Week2_5\Week2_5.vcxproj", "{0C9B0794-762A-4B01-97B4-EA54BFB9D21F}"
EndProject
Project("{2150E333-8FDC-42A3-9474-1A3956D46DE8}") = "Week3", "Week3", "{3AE57620-0679-4571-8E0C-E3031A582406}"
EndProject
Project("{8BC9CEB8-8B4A-11D0-8D11-00A0C91BC942}") = "Week3_1", "Week3_1\Week3_1.vcxproj", "{388937A8-436F-457E-B319-9A1E566E829E}"
EndProject
Global
	GlobalSection(SolutionConfigurationPlatforms) = preSolution
		Debug|Win32 = Debug|Win32
		Release|Win32 = Release|Win32
	EndGlobalSection
	GlobalSection(ProjectConfigurationPlatforms) = postSolution
		{0A0590B2-B6FC-4EB6-BC46-841B473AFB47}.Debug|Win32.ActiveCfg = Debug|Win32
		{0A0590B2-B6FC-4EB6-BC46-841B473AFB47}.Debug|Win32.Build.0 = Debug|Win32
		{0A0590B2-B6FC-4EB6-BC46-841B473AFB47}.Release|Win32.ActiveCfg = Release|Win32
		{0A0590B2-B6FC-4EB6-BC46-841B473AFB47}.Release|Win32.Build.0 = Release|Win32
		{DA0E718E-8A42-4A99-BAC5-12F235CF1286}.Debug|Win32.ActiveCfg = Debug|Win32
		{DA0E718E-8A42-4A99-BAC5-12F235CF1286}.Debug|Win32.Build.0 = Debug|Win32
		{DA0E718E-8A42-4A99-BAC5-12F235CF1286}.Release|Win32.ActiveCfg = Release|Win32
		{DA0E718E-8A42-4A99-BAC5-12F235CF1286}.Release|Win32.Build.0 = Release|Win32
		{8AAC289D-1100-4AE4-A6A4-CAA583F67E60}.Debug|Win32.ActiveCfg = Debug|Win32
		{8AAC289D-1100-4AE4-A6A4-CAA583F67E60}.Debug|Win32.Build.0 = Debug|Win32
		{8AAC289D-1100-4AE4-A6A4-CAA583F67E60}.Release|Win32.ActiveCfg = Release|Win32
		{8AAC289D-1100-4AE4-A6A4-CAA583F67E60}.Release|Win32.Build.0 = Release|Win32
		{B8367D2C-367E-4C67-9349-267251878E62}.Debug|Win32.ActiveCfg = Debug|Win32
		{B8367D2C-367E-4C67-9349-267251878E62}.Debug|Win32.Build.0 = Debug|Win32
		{B8367D2C-367E-4C67-9349-267251878E62}.Release|Win32.ActiveCfg = Release|Win32
		{B8367D2C-367E-4C67-9349-267251878E62}.Release|Win32.Build.0 = Release|Win32
		{0C9B0794-762A-4B01-97B4-EA54BFB9D21F}.Debug|Win32.ActiveCfg = Debug|Win32
		{0C9B0794-762A-4B01-97B4-EA54BFB9D21F}.Debug|Win32.Build.0 = Debug|Win32
		{0C9B0794-762A-4B01-97B4-EA54BFB9D21F}.Release|Win32.ActiveCfg = Release|Win32
		{0C9B0794-762A-4B01-97B4-EA54BFB9D21F}.Release|Win32.Build.0 = Release|Win32
		{388937A8-436F-457E-B319-9A1E566E829E}.Debug|Win32.ActiveCfg = Debug|Win32
		{388937A8-436F-457E-B319-9A1E566E829E}.Debug|Win32.Build.0 = Debug|Win32
		{388937A8-436F-457E-B319-9A1E566E829E}.Release|Win32.ActiveCfg = Release|Win32
		{388937A8-436F-457E-B319-9A1E566E829E}.Release|Win32.Build.0 = Release|Win32
	EndGlobalSection
	GlobalSection(SolutionProperties) = preSolution
		HideSolutionNode = FALSE
	EndGlobalSection
	GlobalSection(NestedProjects) = preSolution
		{0A0590B2-B6FC-4EB6-BC46-841B473AFB47} = {BA2A9DB5-7E73-478B-BACE-30A58DE5BECA}
		{DA0E718E-8A42-4A99-BAC5-12F235CF1286} = {BA2A9DB5-7E73-478B-BACE-30A58DE5BECA}
		{8AAC289D-1100-4AE4-A6A4-CAA583F67E60} = {BA2A9DB5-7E73-478B-BACE-30A58DE5BECA}
		{B8367D2C-367E-4C67-9349-267251878E62} = {BA2A9DB5-7E73-478B-BACE-30A58DE5BECA}
		{0C9B0794-762A-4B01-97B4-EA54BFB9D21F} = {BA2A9DB5-7E73-478B-BACE-30A58DE5BECA}
		{388937A8-436F-457E-B319-9A1E566E829E} = {3AE57620-0679-4571-8E0C-E3031A582406}
	EndGlobalSection
EndGlobal
